
Microsoft Visual Studio Solution File, Format Version 12.00
# Visual Studio 15
VisualStudioVersion = 15.0.28307.2092
MinimumVisualStudioVersion = 10.0.40219.1
Project("{FAE04EC0-301F-11D3-BF4B-00C04F79EFBC}") = "ExerciseGradeBookWeek10", "ExerciseGradeBookWeek10\ExerciseGradeBookWeek10.csproj", "{E6BD5FEA-6421-4014-8F68-4415C568518A}"
EndProject
Global
	GlobalSection(SolutionConfigurationPlatforms) = preSolution
		Debug|Any CPU = Debug|Any CPU
		Release|Any CPU = Release|Any CPU
	EndGlobalSection
	GlobalSection(ProjectConfigurationPlatforms) = postSolution
		{E6BD5FEA-6421-4014-8F68-4415C568518A}.Debug|Any CPU.ActiveCfg = Debug|Any CPU
		{E6BD5FEA-6421-4014-8F68-4415C568518A}.Debug|Any CPU.Build.0 = Debug|Any CPU
		{E6BD5FEA-6421-4014-8F68-4415C568518A}.Release|Any CPU.ActiveCfg = Release|Any CPU
		{E6BD5FEA-6421-4014-8F68-4415C568518A}.Release|Any CPU.Build.0 = Release|Any CPU
	EndGlobalSection
	GlobalSection(SolutionProperties) = preSolution
		HideSolutionNode = FALSE
	EndGlobalSection
	GlobalSection(ExtensibilityGlobals) = postSolution
		SolutionGuid = {F59148AD-3D15-4572-9F8A-DDD09A75B935}
	EndGlobalSection
EndGlobal
